
Microsoft Visual Studio Solution File, Format Version 12.00
# Visual Studio Version 17
VisualStudioVersion = 17.9.34616.47
MinimumVisualStudioVersion = 10.0.40219.1
Project("{9A19103F-16F7-4668-BE54-9A1E7A4F7556}") = "FileViews", "FileViews\FileViews.csproj", "{DEAF5BB8-90F1-424D-90FE-82DBF1769BF7}"
EndProject
Project("{FAE04EC0-301F-11D3-BF4B-00C04F79EFBC}") = "Test", "Test\Test.csproj", "{408C61BD-8E3C-44A0-992C-056265846A44}"
EndProject
Project("{FAE04EC0-301F-11D3-BF4B-00C04F79EFBC}") = "NotepadApp", "NotepadApp\NotepadApp.csproj", "{1FD03B9F-66C5-45A6-821C-EDA82A694688}"
EndProject
Project("{FAE04EC0-301F-11D3-BF4B-00C04F79EFBC}") = "TestGUI", "TestGUI\TestGUI.csproj", "{A6044F2E-1728-47A2-BFF3-07CD0EE69F53}"
EndProject
Global
	GlobalSection(SolutionConfigurationPlatforms) = preSolution
		Debug|Any CPU = Debug|Any CPU
		Release|Any CPU = Release|Any CPU
	EndGlobalSection
	GlobalSection(ProjectConfigurationPlatforms) = postSolution
		{DEAF5BB8-90F1-424D-90FE-82DBF1769BF7}.Debug|Any CPU.ActiveCfg = Debug|Any CPU
		{DEAF5BB8-90F1-424D-90FE-82DBF1769BF7}.Debug|Any CPU.Build.0 = Debug|Any CPU
		{DEAF5BB8-90F1-424D-90FE-82DBF1769BF7}.Release|Any CPU.ActiveCfg = Release|Any CPU
		{DEAF5BB8-90F1-424D-90FE-82DBF1769BF7}.Release|Any CPU.Build.0 = Release|Any CPU
		{408C61BD-8E3C-44A0-992C-056265846A44}.Debug|Any CPU.ActiveCfg = Debug|Any CPU
		{408C61BD-8E3C-44A0-992C-056265846A44}.Debug|Any CPU.Build.0 = Debug|Any CPU
		{408C61BD-8E3C-44A0-992C-056265846A44}.Release|Any CPU.ActiveCfg = Release|Any CPU
		{408C61BD-8E3C-44A0-992C-056265846A44}.Release|Any CPU.Build.0 = Release|Any CPU
		{1FD03B9F-66C5-45A6-821C-EDA82A694688}.Debug|Any CPU.ActiveCfg = Debug|Any CPU
		{1FD03B9F-66C5-45A6-821C-EDA82A694688}.Debug|Any CPU.Build.0 = Debug|Any CPU
		{1FD03B9F-66C5-45A6-821C-EDA82A694688}.Release|Any CPU.ActiveCfg = Release|Any CPU
		{1FD03B9F-66C5-45A6-821C-EDA82A694688}.Release|Any CPU.Build.0 = Release|Any CPU
		{A6044F2E-1728-47A2-BFF3-07CD0EE69F53}.Debug|Any CPU.ActiveCfg = Debug|Any CPU
		{A6044F2E-1728-47A2-BFF3-07CD0EE69F53}.Debug|Any CPU.Build.0 = Debug|Any CPU
		{A6044F2E-1728-47A2-BFF3-07CD0EE69F53}.Release|Any CPU.ActiveCfg = Release|Any CPU
		{A6044F2E-1728-47A2-BFF3-07CD0EE69F53}.Release|Any CPU.Build.0 = Release|Any CPU
	EndGlobalSection
	GlobalSection(SolutionProperties) = preSolution
		HideSolutionNode = FALSE
	EndGlobalSection
	GlobalSection(ExtensibilityGlobals) = postSolution
		SolutionGuid = {F9B1A61B-E9D3-42DA-9532-E8FE0ECBE53B}
	EndGlobalSection
EndGlobal
